
Microsoft Visual Studio Solution File, Format Version 12.00
# Visual Studio Version 17
VisualStudioVersion = 17.9.34723.18
MinimumVisualStudioVersion = 10.0.40219.1
Project("{FAE04EC0-301F-11D3-BF4B-00C04F79EFBC}") = "DoGiaDungPN", "DoGiaDungPN\DoGiaDungPN.csproj", "{CE1E9C96-CC08-4595-A525-2A5DA5A06ADE}"
EndProject
Global
	GlobalSection(SolutionConfigurationPlatforms) = preSolution
		Debug|Any CPU = Debug|Any CPU
		Release|Any CPU = Release|Any CPU
	EndGlobalSection
	GlobalSection(ProjectConfigurationPlatforms) = postSolution
		{CE1E9C96-CC08-4595-A525-2A5DA5A06ADE}.Debug|Any CPU.ActiveCfg = Debug|Any CPU
		{CE1E9C96-CC08-4595-A525-2A5DA5A06ADE}.Debug|Any CPU.Build.0 = Debug|Any CPU
		{CE1E9C96-CC08-4595-A525-2A5DA5A06ADE}.Release|Any CPU.ActiveCfg = Release|Any CPU
		{CE1E9C96-CC08-4595-A525-2A5DA5A06ADE}.Release|Any CPU.Build.0 = Release|Any CPU
	EndGlobalSection
	GlobalSection(SolutionProperties) = preSolution
		HideSolutionNode = FALSE
	EndGlobalSection
	GlobalSection(ExtensibilityGlobals) = postSolution
		SolutionGuid = {678550FD-DCA4-4ECA-B1E6-538D5C27BF19}
	EndGlobalSection
EndGlobal
